// !$*UTF8*$!
{
	archiveVersion = 1;
	classes = {
	};
	objectVersion = 46;
	objects = {

/* Begin PBXBuildFile section */
		047D04B31CC68B9400F9074E /* up-arrow.png in Resources */ = {isa = PBXBuildFile; fileRef = 047D04B21CC68B9400F9074E /* up-arrow.png */; };
		047D04B51CC68DA200F9074E /* left-arrow.png in Resources */ = {isa = PBXBuildFile; fileRef = 047D04B41CC68DA200F9074E /* left-arrow.png */; };
		047D04B71CC68DB100F9074E /* down-arrow.png in Resources */ = {isa = PBXBuildFile; fileRef = 047D04B61CC68DB100F9074E /* down-arrow.png */; };
		047D04B91CC68DE700F9074E /* right-arrow.png in Resources */ = {isa = PBXBuildFile; fileRef = 047D04B81CC68DE700F9074E /* right-arrow.png */; };
		047D04BF1CC6CEBA00F9074E /* MenuScene.swift in Sources */ = {isa = PBXBuildFile; fileRef = 047D04BE1CC6CEBA00F9074E /* MenuScene.swift */; };
		047D04C51CC80FAB00F9074E /* GameOverScene.swift in Sources */ = {isa = PBXBuildFile; fileRef = 047D04C41CC80FAB00F9074E /* GameOverScene.swift */; };
		047D04C91CC8209500F9074E /* bomb.png in Resources */ = {isa = PBXBuildFile; fileRef = 047D04C81CC8209500F9074E /* bomb.png */; };
		047D04D31CC9AF5300F9074E /* redpenguin.png in Resources */ = {isa = PBXBuildFile; fileRef = 047D04D21CC9AF5300F9074E /* redpenguin.png */; };
		047D04D51CC9AF7F00F9074E /* bluepenguin.png in Resources */ = {isa = PBXBuildFile; fileRef = 047D04D41CC9AF7F00F9074E /* bluepenguin.png */; };
		047D04D81CC9B75D00F9074E /* RocketTrail.sks in Resources */ = {isa = PBXBuildFile; fileRef = 047D04D61CC9B75D00F9074E /* RocketTrail.sks */; };
		047D04D91CC9B75D00F9074E /* spark.png in Resources */ = {isa = PBXBuildFile; fileRef = 047D04D71CC9B75D00F9074E /* spark.png */; };
		04A1B0071CBFEEED009559EE /* AppDelegate.swift in Sources */ = {isa = PBXBuildFile; fileRef = 04A1B0061CBFEEED009559EE /* AppDelegate.swift */; };
		04A1B0091CBFEEED009559EE /* GameScene.sks in Resources */ = {isa = PBXBuildFile; fileRef = 04A1B0081CBFEEED009559EE /* GameScene.sks */; };
		04A1B00B1CBFEEED009559EE /* GameScene.swift in Sources */ = {isa = PBXBuildFile; fileRef = 04A1B00A1CBFEEED009559EE /* GameScene.swift */; };
		04A1B00D1CBFEEED009559EE /* GameViewController.swift in Sources */ = {isa = PBXBuildFile; fileRef = 04A1B00C1CBFEEED009559EE /* GameViewController.swift */; };
		04A1B0101CBFEEED009559EE /* Main.storyboard in Resources */ = {isa = PBXBuildFile; fileRef = 04A1B00E1CBFEEED009559EE /* Main.storyboard */; };
		04A1B0121CBFEEED009559EE /* Assets.xcassets in Resources */ = {isa = PBXBuildFile; fileRef = 04A1B0111CBFEEED009559EE /* Assets.xcassets */; };
		04A1B0151CBFEEED009559EE /* LaunchScreen.storyboard in Resources */ = {isa = PBXBuildFile; fileRef = 04A1B0131CBFEEED009559EE /* LaunchScreen.storyboard */; };
		04A1B0201CBFEEF7009559EE /* JasonShepherdFinalTests.swift in Sources */ = {isa = PBXBuildFile; fileRef = 04A1B01F1CBFEEF7009559EE /* JasonShepherdFinalTests.swift */; };
		04A1B02B1CBFEEF7009559EE /* JasonShepherdFinalUITests.swift in Sources */ = {isa = PBXBuildFile; fileRef = 04A1B02A1CBFEEF7009559EE /* JasonShepherdFinalUITests.swift */; };
		04DBEF7F1CCEA414005BC8E8 /* coin1.png in Resources */ = {isa = PBXBuildFile; fileRef = 04DBEF781CCEA414005BC8E8 /* coin1.png */; };
		04DBEF801CCEA414005BC8E8 /* coin2.png in Resources */ = {isa = PBXBuildFile; fileRef = 04DBEF791CCEA414005BC8E8 /* coin2.png */; };
		04DBEF811CCEA414005BC8E8 /* coin3.png in Resources */ = {isa = PBXBuildFile; fileRef = 04DBEF7A1CCEA414005BC8E8 /* coin3.png */; };
		04DBEF821CCEA414005BC8E8 /* coin4.png in Resources */ = {isa = PBXBuildFile; fileRef = 04DBEF7B1CCEA414005BC8E8 /* coin4.png */; };
		04DBEF831CCEA414005BC8E8 /* coin5.png in Resources */ = {isa = PBXBuildFile; fileRef = 04DBEF7C1CCEA414005BC8E8 /* coin5.png */; };
		04DBEF841CCEA414005BC8E8 /* coin6.png in Resources */ = {isa = PBXBuildFile; fileRef = 04DBEF7D1CCEA414005BC8E8 /* coin6.png */; };
		04DBEF851CCEA414005BC8E8 /* coin7.png in Resources */ = {isa = PBXBuildFile; fileRef = 04DBEF7E1CCEA414005BC8E8 /* coin7.png */; };
		04DBEF881CCF0CB5005BC8E8 /* background1.png in Resources */ = {isa = PBXBuildFile; fileRef = 04DBEF861CCF0CB5005BC8E8 /* background1.png */; };
		04DBEF891CCF0CB5005BC8E8 /* background2.png in Resources */ = {isa = PBXBuildFile; fileRef = 04DBEF871CCF0CB5005BC8E8 /* background2.png */; };
		04DBEF8D1CCFFE59005BC8E8 /* bombHit.sks in Resources */ = {isa = PBXBuildFile; fileRef = 04DBEF8C1CCFFE59005BC8E8 /* bombHit.sks */; };
		04DBEF8F1CD001CE005BC8E8 /* CollectCoin.sks in Resources */ = {isa = PBXBuildFile; fileRef = 04DBEF8E1CD001CE005BC8E8 /* CollectCoin.sks */; };
		04DBEF911CD0607E005BC8E8 /* up-arrow-on.png in Resources */ = {isa = PBXBuildFile; fileRef = 04DBEF901CD0607E005BC8E8 /* up-arrow-on.png */; };
		04DBEF931CD06094005BC8E8 /* down-arrow-on.png in Resources */ = {isa = PBXBuildFile; fileRef = 04DBEF921CD06094005BC8E8 /* down-arrow-on.png */; };
		04DBEF951CD060AF005BC8E8 /* left-arrow-on.png in Resources */ = {isa = PBXBuildFile; fileRef = 04DBEF941CD060AF005BC8E8 /* left-arrow-on.png */; };
		04DBEF971CD060C5005BC8E8 /* right-arrow-on.png in Resources */ = {isa = PBXBuildFile; fileRef = 04DBEF961CD060C5005BC8E8 /* right-arrow-on.png */; };
		04DBEF991CD10F96005BC8E8 /* bpmenu.png in Resources */ = {isa = PBXBuildFile; fileRef = 04DBEF981CD10F96005BC8E8 /* bpmenu.png */; };
		04DBEF9F1CD14B49005BC8E8 /* menubutton.wav in Resources */ = {isa = PBXBuildFile; fileRef = 04DBEF9E1CD14B49005BC8E8 /* menubutton.wav */; };
		04DBEFA11CD14B71005BC8E8 /* coincollected.wav in Resources */ = {isa = PBXBuildFile; fileRef = 04DBEFA01CD14B71005BC8E8 /* coincollected.wav */; };
		04DBEFA31CD14C14005BC8E8 /* bombhit.wav in Resources */ = {isa = PBXBuildFile; fileRef = 04DBEFA21CD14C14005BC8E8 /* bombhit.wav */; };
		04DBEFA71CD14E7E005BC8E8 /* gamebegin.wav in Resources */ = {isa = PBXBuildFile; fileRef = 04DBEFA61CD14E7E005BC8E8 /* gamebegin.wav */; };
		04DBEFA91CD15416005BC8E8 /* gameover.wav in Resources */ = {isa = PBXBuildFile; fileRef = 04DBEFA81CD15416005BC8E8 /* gameover.wav */; };
		04DBEFAD1CD18913005BC8E8 /* menumusic.mp3 in Resources */ = {isa = PBXBuildFile; fileRef = 04DBEFAC1CD18913005BC8E8 /* menumusic.mp3 */; };
		04DBEFB11CD1B8D0005BC8E8 /* gamemusic.mp3 in Resources */ = {isa = PBXBuildFile; fileRef = 04DBEFB01CD1B8D0005BC8E8 /* gamemusic.mp3 */; };
		04DBEFB31CD1BE43005BC8E8 /* battlesplash.jpg in Resources */ = {isa = PBXBuildFile; fileRef = 04DBEFB21CD1BE43005BC8E8 /* battlesplash.jpg */; };
		04DBEFB51CD24DE8005BC8E8 /* coinicon.png in Resources */ = {isa = PBXBuildFile; fileRef = 04DBEFB41CD24DE8005BC8E8 /* coinicon.png */; };
/* End PBXBuildFile section */

/* Begin PBXContainerItemProxy section */
		04A1B01C1CBFEEF7009559EE /* PBXContainerItemProxy */ = {
			isa = PBXContainerItemProxy;
			containerPortal = 04A1AFFB1CBFEEEC009559EE /* Project object */;
			proxyType = 1;
			remoteGlobalIDString = 04A1B0021CBFEEEC009559EE;
			remoteInfo = JasonShepherdFinal;
		};
		04A1B0271CBFEEF7009559EE /* PBXContainerItemProxy */ = {
			isa = PBXContainerItemProxy;
			containerPortal = 04A1AFFB1CBFEEEC009559EE /* Project object */;
			proxyType = 1;
			remoteGlobalIDString = 04A1B0021CBFEEEC009559EE;
			remoteInfo = JasonShepherdFinal;
		};
/* End PBXContainerItemProxy section */

/* Begin PBXFileReference section */
		047D04B21CC68B9400F9074E /* up-arrow.png */ = {isa = PBXFileReference; lastKnownFileType = image.png; path = "up-arrow.png"; sourceTree = "<group>"; };
		047D04B41CC68DA200F9074E /* left-arrow.png */ = {isa = PBXFileReference; lastKnownFileType = image.png; path = "left-arrow.png"; sourceTree = "<group>"; };
		047D04B61CC68DB100F9074E /* down-arrow.png */ = {isa = PBXFileReference; lastKnownFileType = image.png; path = "down-arrow.png"; sourceTree = "<group>"; };
		047D04B81CC68DE700F9074E /* right-arrow.png */ = {isa = PBXFileReference; lastKnownFileType = image.png; path = "right-arrow.png"; sourceTree = "<group>"; };
		047D04BE1CC6CEBA00F9074E /* MenuScene.swift */ = {isa = PBXFileReference; fileEncoding = 4; lastKnownFileType = sourcecode.swift; path = MenuScene.swift; sourceTree = "<group>"; };
		047D04C41CC80FAB00F9074E /* GameOverScene.swift */ = {isa = PBXFileReference; fileEncoding = 4; lastKnownFileType = sourcecode.swift; path = GameOverScene.swift; sourceTree = "<group>"; };
		047D04C81CC8209500F9074E /* bomb.png */ = {isa = PBXFileReference; lastKnownFileType = image.png; path = bomb.png; sourceTree = "<group>"; };
		047D04D21CC9AF5300F9074E /* redpenguin.png */ = {isa = PBXFileReference; lastKnownFileType = image.png; path = redpenguin.png; sourceTree = "<group>"; };
		047D04D41CC9AF7F00F9074E /* bluepenguin.png */ = {isa = PBXFileReference; lastKnownFileType = image.png; path = bluepenguin.png; sourceTree = "<group>"; };
		047D04D61CC9B75D00F9074E /* RocketTrail.sks */ = {isa = PBXFileReference; lastKnownFileType = file.sks; path = RocketTrail.sks; sourceTree = "<group>"; };
		047D04D71CC9B75D00F9074E /* spark.png */ = {isa = PBXFileReference; lastKnownFileType = image.png; path = spark.png; sourceTree = "<group>"; };
		04A1B0031CBFEEEC009559EE /* Battle Penguins.app */ = {isa = PBXFileReference; explicitFileType = wrapper.application; includeInIndex = 0; path = "Battle Penguins.app"; sourceTree = BUILT_PRODUCTS_DIR; };
		04A1B0061CBFEEED009559EE /* AppDelegate.swift */ = {isa = PBXFileReference; lastKnownFileType = sourcecode.swift; path = AppDelegate.swift; sourceTree = "<group>"; };
		04A1B0081CBFEEED009559EE /* GameScene.sks */ = {isa = PBXFileReference; lastKnownFileType = file.sks; path = GameScene.sks; sourceTree = "<group>"; };
		04A1B00A1CBFEEED009559EE /* GameScene.swift */ = {isa = PBXFileReference; lastKnownFileType = sourcecode.swift; path = GameScene.swift; sourceTree = "<group>"; };
		04A1B00C1CBFEEED009559EE /* GameViewController.swift */ = {isa = PBXFileReference; lastKnownFileType = sourcecode.swift; path = GameViewController.swift; sourceTree = "<group>"; };
		04A1B00F1CBFEEED009559EE /* Base */ = {isa = PBXFileReference; lastKnownFileType = file.storyboard; name = Base; path = Base.lproj/Main.storyboard; sourceTree = "<group>"; };
		04A1B0111CBFEEED009559EE /* Assets.xcassets */ = {isa = PBXFileReference; lastKnownFileType = folder.assetcatalog; path = Assets.xcassets; sourceTree = "<group>"; };
		04A1B0141CBFEEED009559EE /* Base */ = {isa = PBXFileReference; lastKnownFileType = file.storyboard; name = Base; path = Base.lproj/LaunchScreen.storyboard; sourceTree = "<group>"; };
		04A1B0161CBFEEED009559EE /* Info.plist */ = {isa = PBXFileReference; lastKnownFileType = text.plist.xml; path = Info.plist; sourceTree = "<group>"; };
		04A1B01B1CBFEEF7009559EE /* Battle Penguins.xctest */ = {isa = PBXFileReference; explicitFileType = wrapper.cfbundle; includeInIndex = 0; path = "Battle Penguins.xctest"; sourceTree = BUILT_PRODUCTS_DIR; };
		04A1B01F1CBFEEF7009559EE /* JasonShepherdFinalTests.swift */ = {isa = PBXFileReference; lastKnownFileType = sourcecode.swift; path = JasonShepherdFinalTests.swift; sourceTree = "<group>"; };
		04A1B0211CBFEEF7009559EE /* Info.plist */ = {isa = PBXFileReference; lastKnownFileType = text.plist.xml; path = Info.plist; sourceTree = "<group>"; };
		04A1B0261CBFEEF7009559EE /* Battle Penguins.xctest */ = {isa = PBXFileReference; explicitFileType = wrapper.cfbundle; includeInIndex = 0; path = "Battle Penguins.xctest"; sourceTree = BUILT_PRODUCTS_DIR; };
		04A1B02A1CBFEEF7009559EE /* JasonShepherdFinalUITests.swift */ = {isa = PBXFileReference; lastKnownFileType = sourcecode.swift; path = JasonShepherdFinalUITests.swift; sourceTree = "<group>"; };
		04A1B02C1CBFEEF7009559EE /* Info.plist */ = {isa = PBXFileReference; lastKnownFileType = text.plist.xml; path = Info.plist; sourceTree = "<group>"; };
		04DBEF781CCEA414005BC8E8 /* coin1.png */ = {isa = PBXFileReference; lastKnownFileType = image.png; path = coin1.png; sourceTree = "<group>"; };
		04DBEF791CCEA414005BC8E8 /* coin2.png */ = {isa = PBXFileReference; lastKnownFileType = image.png; path = coin2.png; sourceTree = "<group>"; };
		04DBEF7A1CCEA414005BC8E8 /* coin3.png */ = {isa = PBXFileReference; lastKnownFileType = image.png; path = coin3.png; sourceTree = "<group>"; };
		04DBEF7B1CCEA414005BC8E8 /* coin4.png */ = {isa = PBXFileReference; lastKnownFileType = image.png; path = coin4.png; sourceTree = "<group>"; };
		04DBEF7C1CCEA414005BC8E8 /* coin5.png */ = {isa = PBXFileReference; lastKnownFileType = image.png; path = coin5.png; sourceTree = "<group>"; };
		04DBEF7D1CCEA414005BC8E8 /* coin6.png */ = {isa = PBXFileReference; lastKnownFileType = image.png; path = coin6.png; sourceTree = "<group>"; };
		04DBEF7E1CCEA414005BC8E8 /* coin7.png */ = {isa = PBXFileReference; lastKnownFileType = image.png; path = coin7.png; sourceTree = "<group>"; };
		04DBEF861CCF0CB5005BC8E8 /* background1.png */ = {isa = PBXFileReference; lastKnownFileType = image.png; path = background1.png; sourceTree = "<group>"; };
		04DBEF871CCF0CB5005BC8E8 /* background2.png */ = {isa = PBXFileReference; lastKnownFileType = image.png; path = background2.png; sourceTree = "<group>"; };
		04DBEF8C1CCFFE59005BC8E8 /* bombHit.sks */ = {isa = PBXFileReference; lastKnownFileType = file.sks; path = bombHit.sks; sourceTree = "<group>"; };
		04DBEF8E1CD001CE005BC8E8 /* CollectCoin.sks */ = {isa = PBXFileReference; lastKnownFileType = file.sks; path = CollectCoin.sks; sourceTree = "<group>"; };
		04DBEF901CD0607E005BC8E8 /* up-arrow-on.png */ = {isa = PBXFileReference; lastKnownFileType = image.png; path = "up-arrow-on.png"; sourceTree = "<group>"; };
		04DBEF921CD06094005BC8E8 /* down-arrow-on.png */ = {isa = PBXFileReference; lastKnownFileType = image.png; path = "down-arrow-on.png"; sourceTree = "<group>"; };
		04DBEF941CD060AF005BC8E8 /* left-arrow-on.png */ = {isa = PBXFileReference; lastKnownFileType = image.png; path = "left-arrow-on.png"; sourceTree = "<group>"; };
		04DBEF961CD060C5005BC8E8 /* right-arrow-on.png */ = {isa = PBXFileReference; lastKnownFileType = image.png; path = "right-arrow-on.png"; sourceTree = "<group>"; };
		04DBEF981CD10F96005BC8E8 /* bpmenu.png */ = {isa = PBXFileReference; lastKnownFileType = image.png; path = bpmenu.png; sourceTree = "<group>"; };
		04DBEF9E1CD14B49005BC8E8 /* menubutton.wav */ = {isa = PBXFileReference; lastKnownFileType = audio.wav; path = menubutton.wav; sourceTree = "<group>"; };
		04DBEFA01CD14B71005BC8E8 /* coincollected.wav */ = {isa = PBXFileReference; lastKnownFileType = audio.wav; path = coincollected.wav; sourceTree = "<group>"; };
		04DBEFA21CD14C14005BC8E8 /* bombhit.wav */ = {isa = PBXFileReference; lastKnownFileType = audio.wav; path = bombhit.wav; sourceTree = "<group>"; };
		04DBEFA61CD14E7E005BC8E8 /* gamebegin.wav */ = {isa = PBXFileReference; lastKnownFileType = audio.wav; path = gamebegin.wav; sourceTree = "<group>"; };
		04DBEFA81CD15416005BC8E8 /* gameover.wav */ = {isa = PBXFileReference; lastKnownFileType = audio.wav; path = gameover.wav; sourceTree = "<group>"; };
		04DBEFAC1CD18913005BC8E8 /* menumusic.mp3 */ = {isa = PBXFileReference; lastKnownFileType = audio.mp3; path = menumusic.mp3; sourceTree = "<group>"; };
		04DBEFB01CD1B8D0005BC8E8 /* gamemusic.mp3 */ = {isa = PBXFileReference; lastKnownFileType = audio.mp3; path = gamemusic.mp3; sourceTree = "<group>"; };
		04DBEFB21CD1BE43005BC8E8 /* battlesplash.jpg */ = {isa = PBXFileReference; lastKnownFileType = image.jpeg; path = battlesplash.jpg; sourceTree = "<group>"; };
		04DBEFB41CD24DE8005BC8E8 /* coinicon.png */ = {isa = PBXFileReference; lastKnownFileType = image.png; path = coinicon.png; sourceTree = "<group>"; };
/* End PBXFileReference section */

/* Begin PBXFrameworksBuildPhase section */
		04A1B0001CBFEEEC009559EE /* Frameworks */ = {
			isa = PBXFrameworksBuildPhase;
			buildActionMask = 2147483647;
			files = (
			);
			runOnlyForDeploymentPostprocessing = 0;
		};
		04A1B0181CBFEEF7009559EE /* Frameworks */ = {
			isa = PBXFrameworksBuildPhase;
			buildActionMask = 2147483647;
			files = (
			);
			runOnlyForDeploymentPostprocessing = 0;
		};
		04A1B0231CBFEEF7009559EE /* Frameworks */ = {
			isa = PBXFrameworksBuildPhase;
			buildActionMask = 2147483647;
			files = (
			);
			runOnlyForDeploymentPostprocessing = 0;
		};
/* End PBXFrameworksBuildPhase section */

/* Begin PBXGroup section */
		04A1AFFA1CBFEEEC009559EE = {
			isa = PBXGroup;
			children = (
				04DBEF8E1CD001CE005BC8E8 /* CollectCoin.sks */,
				04DBEF8C1CCFFE59005BC8E8 /* bombHit.sks */,
				047D04D61CC9B75D00F9074E /* RocketTrail.sks */,
				047D04D71CC9B75D00F9074E /* spark.png */,
				04A1B0051CBFEEED009559EE /* JasonShepherdFinal */,
				04A1B01E1CBFEEF7009559EE /* JasonShepherdFinalTests */,
				04A1B0291CBFEEF7009559EE /* JasonShepherdFinalUITests */,
				04A1B0041CBFEEEC009559EE /* Products */,
			);
			sourceTree = "<group>";
		};
		04A1B0041CBFEEEC009559EE /* Products */ = {
			isa = PBXGroup;
			children = (
				04A1B0031CBFEEEC009559EE /* Battle Penguins.app */,
				04A1B01B1CBFEEF7009559EE /* Battle Penguins.xctest */,
				04A1B0261CBFEEF7009559EE /* Battle Penguins.xctest */,
			);
			name = Products;
			sourceTree = "<group>";
		};
		04A1B0051CBFEEED009559EE /* JasonShepherdFinal */ = {
			isa = PBXGroup;
			children = (
				04DBEFB21CD1BE43005BC8E8 /* battlesplash.jpg */,
				04DBEFA21CD14C14005BC8E8 /* bombhit.wav */,
				04DBEFA01CD14B71005BC8E8 /* coincollected.wav */,
				04DBEF9E1CD14B49005BC8E8 /* menubutton.wav */,
				04DBEFA61CD14E7E005BC8E8 /* gamebegin.wav */,
				04DBEFA81CD15416005BC8E8 /* gameover.wav */,
				04DBEFAC1CD18913005BC8E8 /* menumusic.mp3 */,
				04DBEFB01CD1B8D0005BC8E8 /* gamemusic.mp3 */,
				04DBEF981CD10F96005BC8E8 /* bpmenu.png */,
				04DBEF861CCF0CB5005BC8E8 /* background1.png */,
				04DBEF871CCF0CB5005BC8E8 /* background2.png */,
				047D04B21CC68B9400F9074E /* up-arrow.png */,
				047D04B61CC68DB100F9074E /* down-arrow.png */,
				047D04B41CC68DA200F9074E /* left-arrow.png */,
				047D04B81CC68DE700F9074E /* right-arrow.png */,
				04DBEF901CD0607E005BC8E8 /* up-arrow-on.png */,
				04DBEF921CD06094005BC8E8 /* down-arrow-on.png */,
				04DBEF941CD060AF005BC8E8 /* left-arrow-on.png */,
				04DBEF961CD060C5005BC8E8 /* right-arrow-on.png */,
				047D04C81CC8209500F9074E /* bomb.png */,
				04DBEF781CCEA414005BC8E8 /* coin1.png */,
				04DBEF791CCEA414005BC8E8 /* coin2.png */,
				04DBEF7A1CCEA414005BC8E8 /* coin3.png */,
				04DBEF7B1CCEA414005BC8E8 /* coin4.png */,
				04DBEF7C1CCEA414005BC8E8 /* coin5.png */,
				04DBEF7D1CCEA414005BC8E8 /* coin6.png */,
				04DBEF7E1CCEA414005BC8E8 /* coin7.png */,
				04DBEFB41CD24DE8005BC8E8 /* coinicon.png */,
				047D04D41CC9AF7F00F9074E /* bluepenguin.png */,
				047D04D21CC9AF5300F9074E /* redpenguin.png */,
				04A1B0061CBFEEED009559EE /* AppDelegate.swift */,
				04A1B0081CBFEEED009559EE /* GameScene.sks */,
				04A1B00C1CBFEEED009559EE /* GameViewController.swift */,
				047D04BE1CC6CEBA00F9074E /* MenuScene.swift */,
				04A1B00A1CBFEEED009559EE /* GameScene.swift */,
				047D04C41CC80FAB00F9074E /* GameOverScene.swift */,
				04A1B00E1CBFEEED009559EE /* Main.storyboard */,
				04A1B0111CBFEEED009559EE /* Assets.xcassets */,
				04A1B0131CBFEEED009559EE /* LaunchScreen.storyboard */,
				04A1B0161CBFEEED009559EE /* Info.plist */,
			);
			path = JasonShepherdFinal;
			sourceTree = "<group>";
		};
		04A1B01E1CBFEEF7009559EE /* JasonShepherdFinalTests */ = {
			isa = PBXGroup;
			children = (
				04A1B01F1CBFEEF7009559EE /* JasonShepherdFinalTests.swift */,
				04A1B0211CBFEEF7009559EE /* Info.plist */,
			);
			path = JasonShepherdFinalTests;
			sourceTree = "<group>";
		};
		04A1B0291CBFEEF7009559EE /* JasonShepherdFinalUITests */ = {
			isa = PBXGroup;
			children = (
				04A1B02A1CBFEEF7009559EE /* JasonShepherdFinalUITests.swift */,
				04A1B02C1CBFEEF7009559EE /* Info.plist */,
			);
			path = JasonShepherdFinalUITests;
			sourceTree = "<group>";
		};
/* End PBXGroup section */

/* Begin PBXNativeTarget section */
		04A1B0021CBFEEEC009559EE /* Battle Penguins */ = {
			isa = PBXNativeTarget;
			buildConfigurationList = 04A1B02F1CBFEEF7009559EE /* Build configuration list for PBXNativeTarget "Battle Penguins" */;
			buildPhases = (
				04A1AFFF1CBFEEEC009559EE /* Sources */,
				04A1B0001CBFEEEC009559EE /* Frameworks */,
				04A1B0011CBFEEEC009559EE /* Resources */,
			);
			buildRules = (
			);
			dependencies = (
			);
			name = "Battle Penguins";
			productName = JasonShepherdFinal;
			productReference = 04A1B0031CBFEEEC009559EE /* Battle Penguins.app */;
			productType = "com.apple.product-type.application";
		};
		04A1B01A1CBFEEF7009559EE /* Battle PenguinsTests */ = {
			isa = PBXNativeTarget;
			buildConfigurationList = 04A1B0321CBFEEF7009559EE /* Build configuration list for PBXNativeTarget "Battle PenguinsTests" */;
			buildPhases = (
				04A1B0171CBFEEF7009559EE /* Sources */,
				04A1B0181CBFEEF7009559EE /* Frameworks */,
				04A1B0191CBFEEF7009559EE /* Resources */,
			);
			buildRules = (
			);
			dependencies = (
				04A1B01D1CBFEEF7009559EE /* PBXTargetDependency */,
			);
			name = "Battle PenguinsTests";
			productName = JasonShepherdFinalTests;
			productReference = 04A1B01B1CBFEEF7009559EE /* Battle Penguins.xctest */;
			productType = "com.apple.product-type.bundle.unit-test";
		};
		04A1B0251CBFEEF7009559EE /* Battle PenguinsUITests */ = {
			isa = PBXNativeTarget;
			buildConfigurationList = 04A1B0351CBFEEF7009559EE /* Build configuration list for PBXNativeTarget "Battle PenguinsUITests" */;
			buildPhases = (
				04A1B0221CBFEEF7009559EE /* Sources */,
				04A1B0231CBFEEF7009559EE /* Frameworks */,
				04A1B0241CBFEEF7009559EE /* Resources */,
			);
			buildRules = (
			);
			dependencies = (
				04A1B0281CBFEEF7009559EE /* PBXTargetDependency */,
			);
			name = "Battle PenguinsUITests";
			productName = JasonShepherdFinalUITests;
			productReference = 04A1B0261CBFEEF7009559EE /* Battle Penguins.xctest */;
			productType = "com.apple.product-type.bundle.ui-testing";
		};
/* End PBXNativeTarget section */

/* Begin PBXProject section */
		04A1AFFB1CBFEEEC009559EE /* Project object */ = {
			isa = PBXProject;
			attributes = {
				LastSwiftUpdateCheck = 0730;
				LastUpgradeCheck = 0730;
				ORGANIZATIONNAME = "Salt Lake Community College";
				TargetAttributes = {
					04A1B0021CBFEEEC009559EE = {
						CreatedOnToolsVersion = 7.3;
						DevelopmentTeam = H3T7P37XU8;
					};
					04A1B01A1CBFEEF7009559EE = {
						CreatedOnToolsVersion = 7.3;
						DevelopmentTeam = H3T7P37XU8;
						TestTargetID = 04A1B0021CBFEEEC009559EE;
					};
					04A1B0251CBFEEF7009559EE = {
						CreatedOnToolsVersion = 7.3;
						DevelopmentTeam = H3T7P37XU8;
						TestTargetID = 04A1B0021CBFEEEC009559EE;
					};
				};
			};
			buildConfigurationList = 04A1AFFE1CBFEEEC009559EE /* Build configuration list for PBXProject "Battle Penguins" */;
			compatibilityVersion = "Xcode 3.2";
			developmentRegion = English;
			hasScannedForEncodings = 0;
			knownRegions = (
				en,
				Base,
			);
			mainGroup = 04A1AFFA1CBFEEEC009559EE;
			productRefGroup = 04A1B0041CBFEEEC009559EE /* Products */;
			projectDirPath = "";
			projectRoot = "";
			targets = (
				04A1B0021CBFEEEC009559EE /* Battle Penguins */,
				04A1B01A1CBFEEF7009559EE /* Battle PenguinsTests */,
				04A1B0251CBFEEF7009559EE /* Battle PenguinsUITests */,
			);
		};
/* End PBXProject section */

/* Begin PBXResourcesBuildPhase section */
		04A1B0011CBFEEEC009559EE /* Resources */ = {
			isa = PBXResourcesBuildPhase;
			buildActionMask = 2147483647;
			files = (
				04DBEF7F1CCEA414005BC8E8 /* coin1.png in Resources */,
				047D04B91CC68DE700F9074E /* right-arrow.png in Resources */,
				04A1B0091CBFEEED009559EE /* GameScene.sks in Resources */,
				047D04D81CC9B75D00F9074E /* RocketTrail.sks in Resources */,
				04DBEFB11CD1B8D0005BC8E8 /* gamemusic.mp3 in Resources */,
				04DBEFB51CD24DE8005BC8E8 /* coinicon.png in Resources */,
				04DBEF911CD0607E005BC8E8 /* up-arrow-on.png in Resources */,
				04DBEFA11CD14B71005BC8E8 /* coincollected.wav in Resources */,
				04DBEFA71CD14E7E005BC8E8 /* gamebegin.wav in Resources */,
				04DBEF971CD060C5005BC8E8 /* right-arrow-on.png in Resources */,
				047D04D31CC9AF5300F9074E /* redpenguin.png in Resources */,
				04A1B0151CBFEEED009559EE /* LaunchScreen.storyboard in Resources */,
				04DBEF811CCEA414005BC8E8 /* coin3.png in Resources */,
				04DBEF8F1CD001CE005BC8E8 /* CollectCoin.sks in Resources */,
				04DBEF841CCEA414005BC8E8 /* coin6.png in Resources */,
				04DBEF931CD06094005BC8E8 /* down-arrow-on.png in Resources */,
				04DBEF821CCEA414005BC8E8 /* coin4.png in Resources */,
				04DBEFA91CD15416005BC8E8 /* gameover.wav in Resources */,
				04DBEF8D1CCFFE59005BC8E8 /* bombHit.sks in Resources */,
				04DBEF891CCF0CB5005BC8E8 /* background2.png in Resources */,
				04DBEF851CCEA414005BC8E8 /* coin7.png in Resources */,
				047D04D51CC9AF7F00F9074E /* bluepenguin.png in Resources */,
				04DBEF801CCEA414005BC8E8 /* coin2.png in Resources */,
				04DBEFA31CD14C14005BC8E8 /* bombhit.wav in Resources */,
				047D04B51CC68DA200F9074E /* left-arrow.png in Resources */,
				047D04B31CC68B9400F9074E /* up-arrow.png in Resources */,
				04DBEF991CD10F96005BC8E8 /* bpmenu.png in Resources */,
				04DBEF831CCEA414005BC8E8 /* coin5.png in Resources */,
				04A1B0121CBFEEED009559EE /* Assets.xcassets in Resources */,
				04DBEF951CD060AF005BC8E8 /* left-arrow-on.png in Resources */,
				04A1B0101CBFEEED009559EE /* Main.storyboard in Resources */,
				04DBEFAD1CD18913005BC8E8 /* menumusic.mp3 in Resources */,
				04DBEFB31CD1BE43005BC8E8 /* battlesplash.jpg in Resources */,
				047D04B71CC68DB100F9074E /* down-arrow.png in Resources */,
				047D04C91CC8209500F9074E /* bomb.png in Resources */,
				04DBEF881CCF0CB5005BC8E8 /* background1.png in Resources */,
				047D04D91CC9B75D00F9074E /* spark.png in Resources */,
				04DBEF9F1CD14B49005BC8E8 /* menubutton.wav in Resources */,
			);
			runOnlyForDeploymentPostprocessing = 0;
		};
		04A1B0191CBFEEF7009559EE /* Resources */ = {
			isa = PBXResourcesBuildPhase;
			buildActionMask = 2147483647;
			files = (
			);
			runOnlyForDeploymentPostprocessing = 0;
		};
		04A1B0241CBFEEF7009559EE /* Resources */ = {
			isa = PBXResourcesBuildPhase;
			buildActionMask = 2147483647;
			files = (
			);
			runOnlyForDeploymentPostprocessing = 0;
		};
/* End PBXResourcesBuildPhase section */

/* Begin PBXSourcesBuildPhase section */
		04A1AFFF1CBFEEEC009559EE /* Sources */ = {
			isa = PBXSourcesBuildPhase;
			buildActionMask = 2147483647;
			files = (
				047D04C51CC80FAB00F9074E /* GameOverScene.swift in Sources */,
				04A1B00B1CBFEEED009559EE /* GameScene.swift in Sources */,
				047D04BF1CC6CEBA00F9074E /* MenuScene.swift in Sources */,
				04A1B00D1CBFEEED009559EE /* GameViewController.swift in Sources */,
				04A1B0071CBFEEED009559EE /* AppDelegate.swift in Sources */,
			);
			runOnlyForDeploymentPostprocessing = 0;
		};
		04A1B0171CBFEEF7009559EE /* Sources */ = {
			isa = PBXSourcesBuildPhase;
			buildActionMask = 2147483647;
			files = (
				04A1B0201CBFEEF7009559EE /* JasonShepherdFinalTests.swift in Sources */,
			);
			runOnlyForDeploymentPostprocessing = 0;
		};
		04A1B0221CBFEEF7009559EE /* Sources */ = {
			isa = PBXSourcesBuildPhase;
			buildActionMask = 2147483647;
			files = (
				04A1B02B1CBFEEF7009559EE /* JasonShepherdFinalUITests.swift in Sources */,
			);
			runOnlyForDeploymentPostprocessing = 0;
		};
/* End PBXSourcesBuildPhase section */

/* Begin PBXTargetDependency section */
		04A1B01D1CBFEEF7009559EE /* PBXTargetDependency */ = {
			isa = PBXTargetDependency;
			target = 04A1B0021CBFEEEC009559EE /* Battle Penguins */;
			targetProxy = 04A1B01C1CBFEEF7009559EE /* PBXContainerItemProxy */;
		};
		04A1B0281CBFEEF7009559EE /* PBXTargetDependency */ = {
			isa = PBXTargetDependency;
			target = 04A1B0021CBFEEEC009559EE /* Battle Penguins */;
			targetProxy = 04A1B0271CBFEEF7009559EE /* PBXContainerItemProxy */;
		};
/* End PBXTargetDependency section */

/* Begin PBXVariantGroup section */
		04A1B00E1CBFEEED009559EE /* Main.storyboard */ = {
			isa = PBXVariantGroup;
			children = (
				04A1B00F1CBFEEED009559EE /* Base */,
			);
			name = Main.storyboard;
			sourceTree = "<group>";
		};
		04A1B0131CBFEEED009559EE /* LaunchScreen.storyboard */ = {
			isa = PBXVariantGroup;
			children = (
				04A1B0141CBFEEED009559EE /* Base */,
			);
			name = LaunchScreen.storyboard;
			sourceTree = "<group>";
		};
/* End PBXVariantGroup section */

/* Begin XCBuildConfiguration section */
		04A1B02D1CBFEEF7009559EE /* Debug */ = {
			isa = XCBuildConfiguration;
			buildSettings = {
				ALWAYS_SEARCH_USER_PATHS = NO;
				CLANG_ANALYZER_NONNULL = YES;
				CLANG_CXX_LANGUAGE_STANDARD = "gnu++0x";
				CLANG_CXX_LIBRARY = "libc++";
				CLANG_ENABLE_MODULES = YES;
				CLANG_ENABLE_OBJC_ARC = YES;
				CLANG_WARN_BOOL_CONVERSION = YES;
				CLANG_WARN_CONSTANT_CONVERSION = YES;
				CLANG_WARN_DIRECT_OBJC_ISA_USAGE = YES_ERROR;
				CLANG_WARN_EMPTY_BODY = YES;
				CLANG_WARN_ENUM_CONVERSION = YES;
				CLANG_WARN_INT_CONVERSION = YES;
				CLANG_WARN_OBJC_ROOT_CLASS = YES_ERROR;
				CLANG_WARN_UNREACHABLE_CODE = YES;
				CLANG_WARN__DUPLICATE_METHOD_MATCH = YES;
				"CODE_SIGN_IDENTITY[sdk=iphoneos*]" = "iPhone Developer";
				COPY_PHASE_STRIP = NO;
				DEBUG_INFORMATION_FORMAT = "dwarf-with-dsym";
				ENABLE_STRICT_OBJC_MSGSEND = YES;
				ENABLE_TESTABILITY = YES;
				GCC_C_LANGUAGE_STANDARD = gnu99;
				GCC_DYNAMIC_NO_PIC = NO;
				GCC_NO_COMMON_BLOCKS = YES;
				GCC_OPTIMIZATION_LEVEL = 0;
				GCC_PREPROCESSOR_DEFINITIONS = (
					"DEBUG=1",
					"$(inherited)",
				);
				GCC_WARN_64_TO_32_BIT_CONVERSION = YES;
				GCC_WARN_ABOUT_RETURN_TYPE = YES_ERROR;
				GCC_WARN_UNDECLARED_SELECTOR = YES;
				GCC_WARN_UNINITIALIZED_AUTOS = YES_AGGRESSIVE;
				GCC_WARN_UNUSED_FUNCTION = YES;
				GCC_WARN_UNUSED_VARIABLE = YES;
				IPHONEOS_DEPLOYMENT_TARGET = 9.3;
				MTL_ENABLE_DEBUG_INFO = YES;
				ONLY_ACTIVE_ARCH = YES;
				SDKROOT = iphoneos;
				SWIFT_OPTIMIZATION_LEVEL = "-Onone";
			};
			name = Debug;
		};
		04A1B02E1CBFEEF7009559EE /* Release */ = {
			isa = XCBuildConfiguration;
			buildSettings = {
				ALWAYS_SEARCH_USER_PATHS = NO;
				CLANG_ANALYZER_NONNULL = YES;
				CLANG_CXX_LANGUAGE_STANDARD = "gnu++0x";
				CLANG_CXX_LIBRARY = "libc++";
				CLANG_ENABLE_MODULES = YES;
				CLANG_ENABLE_OBJC_ARC = YES;
				CLANG_WARN_BOOL_CONVERSION = YES;
				CLANG_WARN_CONSTANT_CONVERSION = YES;
				CLANG_WARN_DIRECT_OBJC_ISA_USAGE = YES_ERROR;
				CLANG_WARN_EMPTY_BODY = YES;
				CLANG_WARN_ENUM_CONVERSION = YES;
				CLANG_WARN_INT_CONVERSION = YES;
				CLANG_WARN_OBJC_ROOT_CLASS = YES_ERROR;
				CLANG_WARN_UNREACHABLE_CODE = YES;
				CLANG_WARN__DUPLICATE_METHOD_MATCH = YES;
				"CODE_SIGN_IDENTITY[sdk=iphoneos*]" = "iPhone Developer";
				COPY_PHASE_STRIP = NO;
				DEBUG_INFORMATION_FORMAT = "dwarf-with-dsym";
				ENABLE_NS_ASSERTIONS = NO;
				ENABLE_STRICT_OBJC_MSGSEND = YES;
				GCC_C_LANGUAGE_STANDARD = gnu99;
				GCC_NO_COMMON_BLOCKS = YES;
				GCC_WARN_64_TO_32_BIT_CONVERSION = YES;
				GCC_WARN_ABOUT_RETURN_TYPE = YES_ERROR;
				GCC_WARN_UNDECLARED_SELECTOR = YES;
				GCC_WARN_UNINITIALIZED_AUTOS = YES_AGGRESSIVE;
				GCC_WARN_UNUSED_FUNCTION = YES;
				GCC_WARN_UNUSED_VARIABLE = YES;
				IPHONEOS_DEPLOYMENT_TARGET = 9.3;
				MTL_ENABLE_DEBUG_INFO = NO;
				SDKROOT = iphoneos;
				VALIDATE_PRODUCT = YES;
			};
			name = Release;
		};
		04A1B0301CBFEEF7009559EE /* Debug */ = {
			isa = XCBuildConfiguration;
			buildSettings = {
				ASSETCATALOG_COMPILER_APPICON_NAME = AppIcon;
				INFOPLIST_FILE = JasonShepherdFinal/Info.plist;
				IPHONEOS_DEPLOYMENT_TARGET = 8.2;
				LD_RUNPATH_SEARCH_PATHS = "$(inherited) @executable_path/Frameworks";
				PRODUCT_BUNDLE_IDENTIFIER = edu.slcc.csis2640.JasonShepherdFinal;
				PRODUCT_NAME = "Battle Penguins";
			};
			name = Debug;
		};
		04A1B0311CBFEEF7009559EE /* Release */ = {
			isa = XCBuildConfiguration;
			buildSettings = {
				ASSETCATALOG_COMPILER_APPICON_NAME = AppIcon;
				INFOPLIST_FILE = JasonShepherdFinal/Info.plist;
				IPHONEOS_DEPLOYMENT_TARGET = 8.2;
				LD_RUNPATH_SEARCH_PATHS = "$(inherited) @executable_path/Frameworks";
				PRODUCT_BUNDLE_IDENTIFIER = edu.slcc.csis2640.JasonShepherdFinal;
				PRODUCT_NAME = "Battle Penguins";
			};
			name = Release;
		};
		04A1B0331CBFEEF7009559EE /* Debug */ = {
			isa = XCBuildConfiguration;
			buildSettings = {
				BUNDLE_LOADER = "$(TEST_HOST)";
				DEBUG_INFORMATION_FORMAT = dwarf;
				INFOPLIST_FILE = JasonShepherdFinalTests/Info.plist;
				LD_RUNPATH_SEARCH_PATHS = "$(inherited) @executable_path/Frameworks @loader_path/Frameworks";
				PRODUCT_BUNDLE_IDENTIFIER = edu.slcc.csis2640.JasonShepherdFinalTests;
				PRODUCT_NAME = "Battle Penguins";
				TEST_HOST = "$(BUILT_PRODUCTS_DIR)/Battle Penguins.app/Battle Penguins";
			};
			name = Debug;
		};
		04A1B0341CBFEEF7009559EE /* Release */ = {
			isa = XCBuildConfiguration;
			buildSettings = {
				BUNDLE_LOADER = "$(TEST_HOST)";
				INFOPLIST_FILE = JasonShepherdFinalTests/Info.plist;
				LD_RUNPATH_SEARCH_PATHS = "$(inherited) @executable_path/Frameworks @loader_path/Frameworks";
				PRODUCT_BUNDLE_IDENTIFIER = edu.slcc.csis2640.JasonShepherdFinalTests;
				PRODUCT_NAME = "Battle Penguins";
				TEST_HOST = "$(BUILT_PRODUCTS_DIR)/Battle Penguins.app/Battle Penguins";
			};
			name = Release;
		};
		04A1B0361CBFEEF7009559EE /* Debug */ = {
			isa = XCBuildConfiguration;
			buildSettings = {
				DEBUG_INFORMATION_FORMAT = dwarf;
				INFOPLIST_FILE = JasonShepherdFinalUITests/Info.plist;
				LD_RUNPATH_SEARCH_PATHS = "$(inherited) @executable_path/Frameworks @loader_path/Frameworks";
				PRODUCT_BUNDLE_IDENTIFIER = edu.slcc.csis2640.JasonShepherdFinalUITests;
				PRODUCT_NAME = "Battle Penguins";
				TEST_TARGET_NAME = JasonShepherdFinal;
			};
			name = Debug;
		};
		04A1B0371CBFEEF7009559EE /* Release */ = {
			isa = XCBuildConfiguration;
			buildSettings = {
				INFOPLIST_FILE = JasonShepherdFinalUITests/Info.plist;
				LD_RUNPATH_SEARCH_PATHS = "$(inherited) @executable_path/Frameworks @loader_path/Frameworks";
				PRODUCT_BUNDLE_IDENTIFIER = edu.slcc.csis2640.JasonShepherdFinalUITests;
				PRODUCT_NAME = "Battle Penguins";
				TEST_TARGET_NAME = JasonShepherdFinal;
			};
			name = Release;
		};
/* End XCBuildConfiguration section */

/* Begin XCConfigurationList section */
		04A1AFFE1CBFEEEC009559EE /* Build configuration list for PBXProject "Battle Penguins" */ = {
			isa = XCConfigurationList;
			buildConfigurations = (
				04A1B02D1CBFEEF7009559EE /* Debug */,
				04A1B02E1CBFEEF7009559EE /* Release */,
			);
			defaultConfigurationIsVisible = 0;
			defaultConfigurationName = Release;
		};
		04A1B02F1CBFEEF7009559EE /* Build configuration list for PBXNativeTarget "Battle Penguins" */ = {
			isa = XCConfigurationList;
			buildConfigurations = (
				04A1B0301CBFEEF7009559EE /* Debug */,
				04A1B0311CBFEEF7009559EE /* Release */,
			);
			defaultConfigurationIsVisible = 0;
			defaultConfigurationName = Release;
		};
		04A1B0321CBFEEF7009559EE /* Build configuration list for PBXNativeTarget "Battle PenguinsTests" */ = {
			isa = XCConfigurationList;
			buildConfigurations = (
				04A1B0331CBFEEF7009559EE /* Debug */,
				04A1B0341CBFEEF7009559EE /* Release */,
			);
			defaultConfigurationIsVisible = 0;
			defaultConfigurationName = Release;
		};
		04A1B0351CBFEEF7009559EE /* Build configuration list for PBXNativeTarget "Battle PenguinsUITests" */ = {
			isa = XCConfigurationList;
			buildConfigurations = (
				04A1B0361CBFEEF7009559EE /* Debug */,
				04A1B0371CBFEEF7009559EE /* Release */,
			);
			defaultConfigurationIsVisible = 0;
			defaultConfigurationName = Release;
		};
/* End XCConfigurationList section */
	};
	rootObject = 04A1AFFB1CBFEEEC009559EE /* Project object */;
}
